// !$*UTF8*$!
{
	archiveVersion = 1;
	classes = {
	};
	objectVersion = 55;
	objects = {

/* Begin PBXBuildFile section */
		45E707D028CE23B800B8482E /* RecipeListApp.swift in Sources */ = {isa = PBXBuildFile; fileRef = 45E707CF28CE23B800B8482E /* RecipeListApp.swift */; };
		45E707D228CE23B800B8482E /* RecipeListView.swift in Sources */ = {isa = PBXBuildFile; fileRef = 45E707D128CE23B800B8482E /* RecipeListView.swift */; };
		45E707D428CE23BB00B8482E /* Assets.xcassets in Resources */ = {isa = PBXBuildFile; fileRef = 45E707D328CE23BB00B8482E /* Assets.xcassets */; };
		45E707D728CE23BB00B8482E /* Preview Assets.xcassets in Resources */ = {isa = PBXBuildFile; fileRef = 45E707D628CE23BB00B8482E /* Preview Assets.xcassets */; };
		45E707E528CE258B00B8482E /* recipes.json in Resources */ = {isa = PBXBuildFile; fileRef = 45E707E428CE258B00B8482E /* recipes.json */; };
		45E707E728CE25CB00B8482E /* Recipe.swift in Sources */ = {isa = PBXBuildFile; fileRef = 45E707E628CE25CB00B8482E /* Recipe.swift */; };
		45E707E928CE273800B8482E /* RecipeViewModel.swift in Sources */ = {isa = PBXBuildFile; fileRef = 45E707E828CE273800B8482E /* RecipeViewModel.swift */; };
		45E707EB28CE28DF00B8482E /* DataService.swift in Sources */ = {isa = PBXBuildFile; fileRef = 45E707EA28CE28DF00B8482E /* DataService.swift */; };
		45E707ED28CE4A5300B8482E /* RecipeDetailView.swift in Sources */ = {isa = PBXBuildFile; fileRef = 45E707EC28CE4A5300B8482E /* RecipeDetailView.swift */; };
		45E7082B28D0235800B8482E /* RecipeTabView.swift in Sources */ = {isa = PBXBuildFile; fileRef = 45E7082A28D0235800B8482E /* RecipeTabView.swift */; };
/* End PBXBuildFile section */

/* Begin PBXFileReference section */
		45E707CC28CE23B800B8482E /* RecipeList.app */ = {isa = PBXFileReference; explicitFileType = wrapper.application; includeInIndex = 0; path = RecipeList.app; sourceTree = BUILT_PRODUCTS_DIR; };
		45E707CF28CE23B800B8482E /* RecipeListApp.swift */ = {isa = PBXFileReference; lastKnownFileType = sourcecode.swift; path = RecipeListApp.swift; sourceTree = "<group>"; };
		45E707D128CE23B800B8482E /* RecipeListView.swift */ = {isa = PBXFileReference; lastKnownFileType = sourcecode.swift; path = RecipeListView.swift; sourceTree = "<group>"; };
		45E707D328CE23BB00B8482E /* Assets.xcassets */ = {isa = PBXFileReference; lastKnownFileType = folder.assetcatalog; path = Assets.xcassets; sourceTree = "<group>"; };
		45E707D628CE23BB00B8482E /* Preview Assets.xcassets */ = {isa = PBXFileReference; lastKnownFileType = folder.assetcatalog; path = "Preview Assets.xcassets"; sourceTree = "<group>"; };
		45E707E428CE258B00B8482E /* recipes.json */ = {isa = PBXFileReference; fileEncoding = 4; lastKnownFileType = text.json; path = recipes.json; sourceTree = "<group>"; };
		45E707E628CE25CB00B8482E /* Recipe.swift */ = {isa = PBXFileReference; lastKnownFileType = sourcecode.swift; path = Recipe.swift; sourceTree = "<group>"; };
		45E707E828CE273800B8482E /* RecipeViewModel.swift */ = {isa = PBXFileReference; lastKnownFileType = sourcecode.swift; path = RecipeViewModel.swift; sourceTree = "<group>"; };
		45E707EA28CE28DF00B8482E /* DataService.swift */ = {isa = PBXFileReference; lastKnownFileType = sourcecode.swift; path = DataService.swift; sourceTree = "<group>"; };
		45E707EC28CE4A5300B8482E /* RecipeDetailView.swift */ = {isa = PBXFileReference; lastKnownFileType = sourcecode.swift; path = RecipeDetailView.swift; sourceTree = "<group>"; };
		45E7082A28D0235800B8482E /* RecipeTabView.swift */ = {isa = PBXFileReference; lastKnownFileType = sourcecode.swift; path = RecipeTabView.swift; sourceTree = "<group>"; };
/* End PBXFileReference section */

/* Begin PBXFrameworksBuildPhase section */
		45E707C928CE23B800B8482E /* Frameworks */ = {
			isa = PBXFrameworksBuildPhase;
			buildActionMask = 2147483647;
			files = (
			);
			runOnlyForDeploymentPostprocessing = 0;
		};
/* End PBXFrameworksBuildPhase section */

/* Begin PBXGroup section */
		45E707C328CE23B700B8482E = {
			isa = PBXGroup;
			children = (
				45E707CE28CE23B800B8482E /* RecipeList */,
				45E707CD28CE23B800B8482E /* Products */,
			);
			sourceTree = "<group>";
		};
		45E707CD28CE23B800B8482E /* Products */ = {
			isa = PBXGroup;
			children = (
				45E707CC28CE23B800B8482E /* RecipeList.app */,
			);
			name = Products;
			sourceTree = "<group>";
		};
		45E707CE28CE23B800B8482E /* RecipeList */ = {
			isa = PBXGroup;
			children = (
				45E707CF28CE23B800B8482E /* RecipeListApp.swift */,
				45E707DD28CE23BF00B8482E /* Views */,
				45E707DE28CE23C400B8482E /* ViewModels */,
				45E707E028CE23D700B8482E /* Models */,
				45E707E328CE23F400B8482E /* Services */,
				45E707E128CE23E100B8482E /* Data */,
				45E707D328CE23BB00B8482E /* Assets.xcassets */,
				45E707D528CE23BB00B8482E /* Preview Content */,
			);
			path = RecipeList;
			sourceTree = "<group>";
		};
		45E707D528CE23BB00B8482E /* Preview Content */ = {
			isa = PBXGroup;
			children = (
				45E707D628CE23BB00B8482E /* Preview Assets.xcassets */,
			);
			path = "Preview Content";
			sourceTree = "<group>";
		};
		45E707DD28CE23BF00B8482E /* Views */ = {
			isa = PBXGroup;
			children = (
				45E707D128CE23B800B8482E /* RecipeListView.swift */,
				45E707EC28CE4A5300B8482E /* RecipeDetailView.swift */,
				45E7082A28D0235800B8482E /* RecipeTabView.swift */,
			);
			path = Views;
			sourceTree = "<group>";
		};
		45E707DE28CE23C400B8482E /* ViewModels */ = {
			isa = PBXGroup;
			children = (
				45E707E828CE273800B8482E /* RecipeViewModel.swift */,
			);
			path = ViewModels;
			sourceTree = "<group>";
		};
		45E707E028CE23D700B8482E /* Models */ = {
			isa = PBXGroup;
			children = (
				45E707E628CE25CB00B8482E /* Recipe.swift */,
			);
			path = Models;
			sourceTree = "<group>";
		};
		45E707E128CE23E100B8482E /* Data */ = {
			isa = PBXGroup;
			children = (
				45E707E428CE258B00B8482E /* recipes.json */,
			);
			path = Data;
			sourceTree = "<group>";
		};
		45E707E328CE23F400B8482E /* Services */ = {
			isa = PBXGroup;
			children = (
				45E707EA28CE28DF00B8482E /* DataService.swift */,
			);
			path = Services;
			sourceTree = "<group>";
		};
/* End PBXGroup section */

/* Begin PBXNativeTarget section */
		45E707CB28CE23B800B8482E /* RecipeList */ = {
			isa = PBXNativeTarget;
			buildConfigurationList = 45E707DA28CE23BB00B8482E /* Build configuration list for PBXNativeTarget "RecipeList" */;
			buildPhases = (
				45E707C828CE23B800B8482E /* Sources */,
				45E707C928CE23B800B8482E /* Frameworks */,
				45E707CA28CE23B800B8482E /* Resources */,
			);
			buildRules = (
			);
			dependencies = (
			);
			name = RecipeList;
			productName = RecipeList;
			productReference = 45E707CC28CE23B800B8482E /* RecipeList.app */;
			productType = "com.apple.product-type.application";
		};
/* End PBXNativeTarget section */

/* Begin PBXProject section */
		45E707C428CE23B700B8482E /* Project object */ = {
			isa = PBXProject;
			attributes = {
				BuildIndependentTargetsInParallel = 1;
				LastSwiftUpdateCheck = 1330;
				LastUpgradeCheck = 1330;
				TargetAttributes = {
					45E707CB28CE23B800B8482E = {
						CreatedOnToolsVersion = 13.3.1;
					};
				};
			};
			buildConfigurationList = 45E707C728CE23B700B8482E /* Build configuration list for PBXProject "RecipeList" */;
			compatibilityVersion = "Xcode 13.0";
			developmentRegion = en;
			hasScannedForEncodings = 0;
			knownRegions = (
				en,
				Base,
			);
			mainGroup = 45E707C328CE23B700B8482E;
			productRefGroup = 45E707CD28CE23B800B8482E /* Products */;
			projectDirPath = "";
			projectRoot = "";
			targets = (
				45E707CB28CE23B800B8482E /* RecipeList */,
			);
		};
/* End PBXProject section */

/* Begin PBXResourcesBuildPhase section */
		45E707CA28CE23B800B8482E /* Resources */ = {
			isa = PBXResourcesBuildPhase;
			buildActionMask = 2147483647;
			files = (
				45E707D728CE23BB00B8482E /* Preview Assets.xcassets in Resources */,
				45E707E528CE258B00B8482E /* recipes.json in Resources */,
				45E707D428CE23BB00B8482E /* Assets.xcassets in Resources */,
			);
			runOnlyForDeploymentPostprocessing = 0;
		};
/* End PBXResourcesBuildPhase section */

/* Begin PBXSourcesBuildPhase section */
		45E707C828CE23B800B8482E /* Sources */ = {
			isa = PBXSourcesBuildPhase;
			buildActionMask = 2147483647;
			files = (
				45E707E928CE273800B8482E /* RecipeViewModel.swift in Sources */,
				45E7082B28D0235800B8482E /* RecipeTabView.swift in Sources */,
				45E707ED28CE4A5300B8482E /* RecipeDetailView.swift in Sources */,
				45E707E728CE25CB00B8482E /* Recipe.swift in Sources */,
				45E707D228CE23B800B8482E /* RecipeListView.swift in Sources */,
				45E707D028CE23B800B8482E /* RecipeListApp.swift in Sources */,
				45E707EB28CE28DF00B8482E /* DataService.swift in Sources */,
			);
			runOnlyForDeploymentPostprocessing = 0;
		};
/* End PBXSourcesBuildPhase section */

/* Begin XCBuildConfiguration section */
		45E707D828CE23BB00B8482E /* Debug */ = {
			isa = XCBuildConfiguration;
			buildSettings = {
				ALWAYS_SEARCH_USER_PATHS = NO;
				CLANG_ANALYZER_NONNULL = YES;
				CLANG_ANALYZER_NUMBER_OBJECT_CONVERSION = YES_AGGRESSIVE;
				CLANG_CXX_LANGUAGE_STANDARD = "gnu++17";
				CLANG_ENABLE_MODULES = YES;
				CLANG_ENABLE_OBJC_ARC = YES;
				CLANG_ENABLE_OBJC_WEAK = YES;
				CLANG_WARN_BLOCK_CAPTURE_AUTORELEASING = YES;
				CLANG_WARN_BOOL_CONVERSION = YES;
				CLANG_WARN_COMMA = YES;
				CLANG_WARN_CONSTANT_CONVERSION = YES;
				CLANG_WARN_DEPRECATED_OBJC_IMPLEMENTATIONS = YES;
				CLANG_WARN_DIRECT_OBJC_ISA_USAGE = YES_ERROR;
				CLANG_WARN_DOCUMENTATION_COMMENTS = YES;
				CLANG_WARN_EMPTY_BODY = YES;
				CLANG_WARN_ENUM_CONVERSION = YES;
				CLANG_WARN_INFINITE_RECURSION = YES;
				CLANG_WARN_INT_CONVERSION = YES;
				CLANG_WARN_NON_LITERAL_NULL_CONVERSION = YES;
				CLANG_WARN_OBJC_IMPLICIT_RETAIN_SELF = YES;
				CLANG_WARN_OBJC_LITERAL_CONVERSION = YES;
				CLANG_WARN_OBJC_ROOT_CLASS = YES_ERROR;
				CLANG_WARN_QUOTED_INCLUDE_IN_FRAMEWORK_HEADER = YES;
				CLANG_WARN_RANGE_LOOP_ANALYSIS = YES;
				CLANG_WARN_STRICT_PROTOTYPES = YES;
				CLANG_WARN_SUSPICIOUS_MOVE = YES;
				CLANG_WARN_UNGUARDED_AVAILABILITY = YES_AGGRESSIVE;
				CLANG_WARN_UNREACHABLE_CODE = YES;
				CLANG_WARN__DUPLICATE_METHOD_MATCH = YES;
				COPY_PHASE_STRIP = NO;
				DEBUG_INFORMATION_FORMAT = dwarf;
				ENABLE_STRICT_OBJC_MSGSEND = YES;
				ENABLE_TESTABILITY = YES;
				GCC_C_LANGUAGE_STANDARD = gnu11;
				GCC_DYNAMIC_NO_PIC = NO;
				GCC_NO_COMMON_BLOCKS = YES;
				GCC_OPTIMIZATION_LEVEL = 0;
				GCC_PREPROCESSOR_DEFINITIONS = (
					"DEBUG=1",
					"$(inherited)",
				);
				GCC_WARN_64_TO_32_BIT_CONVERSION = YES;
				GCC_WARN_ABOUT_RETURN_TYPE = YES_ERROR;
				GCC_WARN_UNDECLARED_SELECTOR = YES;
				GCC_WARN_UNINITIALIZED_AUTOS = YES_AGGRESSIVE;
				GCC_WARN_UNUSED_FUNCTION = YES;
				GCC_WARN_UNUSED_VARIABLE = YES;
				IPHONEOS_DEPLOYMENT_TARGET = 15.4;
				MTL_ENABLE_DEBUG_INFO = INCLUDE_SOURCE;
				MTL_FAST_MATH = YES;
				ONLY_ACTIVE_ARCH = YES;
				SDKROOT = iphoneos;
				SWIFT_ACTIVE_COMPILATION_CONDITIONS = DEBUG;
				SWIFT_OPTIMIZATION_LEVEL = "-Onone";
			};
			name = Debug;
		};
		45E707D928CE23BB00B8482E /* Release */ = {
			isa = XCBuildConfiguration;
			buildSettings = {
				ALWAYS_SEARCH_USER_PATHS = NO;
				CLANG_ANALYZER_NONNULL = YES;
				CLANG_ANALYZER_NUMBER_OBJECT_CONVERSION = YES_AGGRESSIVE;
				CLANG_CXX_LANGUAGE_STANDARD = "gnu++17";
				CLANG_ENABLE_MODULES = YES;
				CLANG_ENABLE_OBJC_ARC = YES;
				CLANG_ENABLE_OBJC_WEAK = YES;
				CLANG_WARN_BLOCK_CAPTURE_AUTORELEASING = YES;
				CLANG_WARN_BOOL_CONVERSION = YES;
				CLANG_WARN_COMMA = YES;
				CLANG_WARN_CONSTANT_CONVERSION = YES;
				CLANG_WARN_DEPRECATED_OBJC_IMPLEMENTATIONS = YES;
				CLANG_WARN_DIRECT_OBJC_ISA_USAGE = YES_ERROR;
				CLANG_WARN_DOCUMENTATION_COMMENTS = YES;
				CLANG_WARN_EMPTY_BODY = YES;
				CLANG_WARN_ENUM_CONVERSION = YES;
				CLANG_WARN_INFINITE_RECURSION = YES;
				CLANG_WARN_INT_CONVERSION = YES;
				CLANG_WARN_NON_LITERAL_NULL_CONVERSION = YES;
				CLANG_WARN_OBJC_IMPLICIT_RETAIN_SELF = YES;
				CLANG_WARN_OBJC_LITERAL_CONVERSION = YES;
				CLANG_WARN_OBJC_ROOT_CLASS = YES_ERROR;
				CLANG_WARN_QUOTED_INCLUDE_IN_FRAMEWORK_HEADER = YES;
				CLANG_WARN_RANGE_LOOP_ANALYSIS = YES;
				CLANG_WARN_STRICT_PROTOTYPES = YES;
				CLANG_WARN_SUSPICIOUS_MOVE = YES;
				CLANG_WARN_UNGUARDED_AVAILABILITY = YES_AGGRESSIVE;
				CLANG_WARN_UNREACHABLE_CODE = YES;
				CLANG_WARN__DUPLICATE_METHOD_MATCH = YES;
				COPY_PHASE_STRIP = NO;
				DEBUG_INFORMATION_FORMAT = "dwarf-with-dsym";
				ENABLE_NS_ASSERTIONS = NO;
				ENABLE_STRICT_OBJC_MSGSEND = YES;
				GCC_C_LANGUAGE_STANDARD = gnu11;
				GCC_NO_COMMON_BLOCKS = YES;
				GCC_WARN_64_TO_32_BIT_CONVERSION = YES;
				GCC_WARN_ABOUT_RETURN_TYPE = YES_ERROR;
				GCC_WARN_UNDECLARED_SELECTOR = YES;
				GCC_WARN_UNINITIALIZED_AUTOS = YES_AGGRESSIVE;
				GCC_WARN_UNUSED_FUNCTION = YES;
				GCC_WARN_UNUSED_VARIABLE = YES;
				IPHONEOS_DEPLOYMENT_TARGET = 15.4;
				MTL_ENABLE_DEBUG_INFO = NO;
				MTL_FAST_MATH = YES;
				SDKROOT = iphoneos;
				SWIFT_COMPILATION_MODE = wholemodule;
				SWIFT_OPTIMIZATION_LEVEL = "-O";
				VALIDATE_PRODUCT = YES;
			};
			name = Release;
		};
		45E707DB28CE23BB00B8482E /* Debug */ = {
			isa = XCBuildConfiguration;
			buildSettings = {
				ASSETCATALOG_COMPILER_APPICON_NAME = AppIcon;
				ASSETCATALOG_COMPILER_GLOBAL_ACCENT_COLOR_NAME = AccentColor;
				CODE_SIGN_STYLE = Automatic;
				CURRENT_PROJECT_VERSION = 1;
				DEVELOPMENT_ASSET_PATHS = "\"RecipeList/Preview Content\"";
				DEVELOPMENT_TEAM = 2FSNQ8628K;
				ENABLE_PREVIEWS = YES;
				GENERATE_INFOPLIST_FILE = YES;
				INFOPLIST_KEY_UIApplicationSceneManifest_Generation = YES;
				INFOPLIST_KEY_UIApplicationSupportsIndirectInputEvents = YES;
				INFOPLIST_KEY_UILaunchScreen_Generation = YES;
				INFOPLIST_KEY_UISupportedInterfaceOrientations_iPad = "UIInterfaceOrientationPortrait UIInterfaceOrientationPortraitUpsideDown UIInterfaceOrientationLandscapeLeft UIInterfaceOrientationLandscapeRight";
				INFOPLIST_KEY_UISupportedInterfaceOrientations_iPhone = "UIInterfaceOrientationPortrait UIInterfaceOrientationLandscapeLeft UIInterfaceOrientationLandscapeRight";
				LD_RUNPATH_SEARCH_PATHS = (
					"$(inherited)",
					"@executable_path/Frameworks",
				);
				MARKETING_VERSION = 1.0;
				PRODUCT_BUNDLE_IDENTIFIER = "studio.code-am.RecipeList";
				PRODUCT_NAME = "$(TARGET_NAME)";
				SWIFT_EMIT_LOC_STRINGS = YES;
				SWIFT_VERSION = 5.0;
				TARGETED_DEVICE_FAMILY = "1,2";
			};
			name = Debug;
		};
		45E707DC28CE23BB00B8482E /* Release */ = {
			isa = XCBuildConfiguration;
			buildSettings = {
				ASSETCATALOG_COMPILER_APPICON_NAME = AppIcon;
				ASSETCATALOG_COMPILER_GLOBAL_ACCENT_COLOR_NAME = AccentColor;
				CODE_SIGN_STYLE = Automatic;
				CURRENT_PROJECT_VERSION = 1;
				DEVELOPMENT_ASSET_PATHS = "\"RecipeList/Preview Content\"";
				DEVELOPMENT_TEAM = 2FSNQ8628K;
				ENABLE_PREVIEWS = YES;
				GENERATE_INFOPLIST_FILE = YES;
				INFOPLIST_KEY_UIApplicationSceneManifest_Generation = YES;
				INFOPLIST_KEY_UIApplicationSupportsIndirectInputEvents = YES;
				INFOPLIST_KEY_UILaunchScreen_Generation = YES;
				INFOPLIST_KEY_UISupportedInterfaceOrientations_iPad = "UIInterfaceOrientationPortrait UIInterfaceOrientationPortraitUpsideDown UIInterfaceOrientationLandscapeLeft UIInterfaceOrientationLandscapeRight";
				INFOPLIST_KEY_UISupportedInterfaceOrientations_iPhone = "UIInterfaceOrientationPortrait UIInterfaceOrientationLandscapeLeft UIInterfaceOrientationLandscapeRight";
				LD_RUNPATH_SEARCH_PATHS = (
					"$(inherited)",
					"@executable_path/Frameworks",
				);
				MARKETING_VERSION = 1.0;
				PRODUCT_BUNDLE_IDENTIFIER = "studio.code-am.RecipeList";
				PRODUCT_NAME = "$(TARGET_NAME)";
				SWIFT_EMIT_LOC_STRINGS = YES;
				SWIFT_VERSION = 5.0;
				TARGETED_DEVICE_FAMILY = "1,2";
			};
			name = Release;
		};
/* End XCBuildConfiguration section */

/* Begin XCConfigurationList section */
		45E707C728CE23B700B8482E /* Build configuration list for PBXProject "RecipeList" */ = {
			isa = XCConfigurationList;
			buildConfigurations = (
				45E707D828CE23BB00B8482E /* Debug */,
				45E707D928CE23BB00B8482E /* Release */,
			);
			defaultConfigurationIsVisible = 0;
			defaultConfigurationName = Release;
		};
		45E707DA28CE23BB00B8482E /* Build configuration list for PBXNativeTarget "RecipeList" */ = {
			isa = XCConfigurationList;
			buildConfigurations = (
				45E707DB28CE23BB00B8482E /* Debug */,
				45E707DC28CE23BB00B8482E /* Release */,
			);
			defaultConfigurationIsVisible = 0;
			defaultConfigurationName = Release;
		};
/* End XCConfigurationList section */
	};
	rootObject = 45E707C428CE23B700B8482E /* Project object */;
}
